
Microsoft Visual Studio Solution File, Format Version 12.00
# Visual Studio Version 17
VisualStudioVersion = 17.7.34031.279
MinimumVisualStudioVersion = 10.0.40219.1
Project("{FAE04EC0-301F-11D3-BF4B-00C04F79EFBC}") = "Gratrix", "Gratrix.csproj", "{EE0EF4C5-96C3-400F-ACED-CCBB605F2C88}"
EndProject
Global
	GlobalSection(SolutionConfigurationPlatforms) = preSolution
		Debug|Any CPU = Debug|Any CPU
		Release|Any CPU = Release|Any CPU
	EndGlobalSection
	GlobalSection(ProjectConfigurationPlatforms) = postSolution
		{EE0EF4C5-96C3-400F-ACED-CCBB605F2C88}.Debug|Any CPU.ActiveCfg = Debug|Any CPU
		{EE0EF4C5-96C3-400F-ACED-CCBB605F2C88}.Debug|Any CPU.Build.0 = Debug|Any CPU
		{EE0EF4C5-96C3-400F-ACED-CCBB605F2C88}.Release|Any CPU.ActiveCfg = Release|Any CPU
		{EE0EF4C5-96C3-400F-ACED-CCBB605F2C88}.Release|Any CPU.Build.0 = Release|Any CPU
	EndGlobalSection
	GlobalSection(SolutionProperties) = preSolution
		HideSolutionNode = FALSE
	EndGlobalSection
	GlobalSection(ExtensibilityGlobals) = postSolution
		SolutionGuid = {C7C40028-765D-4816-9BF9-FB1C9D9C737F}
	EndGlobalSection
EndGlobal
